[[package]]
name = "ascii"
version = "0.7.1"
source = "registry+https://github.com/rust-lang/crates.io-index"

[[package]]
name = "byteorder"
version = "1.2.1"
source = "registry+https://github.com/rust-lang/crates.io-index"

[[package]]
name = "cesu8"
version = "1.1.0"
source = "registry+https://github.com/rust-lang/crates.io-index"

[[package]]
name = "cfg-if"
version = "0.1.2"
source = "registry+https://github.com/rust-lang/crates.io-index"

[[package]]
name = "combine"
version = "2.5.2"
source = "registry+https://github.com/rust-lang/crates.io-index"
dependencies = [
 "ascii 0.7.1 (registry+https://github.com/rust-lang/crates.io-index)",
 "byteorder 1.2.1 (registry+https://github.com/rust-lang/crates.io-index)",
]

[[package]]
name = "error-chain"
version = "0.10.0"
source = "registry+https://github.com/rust-lang/crates.io-index"

[[package]]
name = "jni"
version = "0.5.3"
source = "registry+https://github.com/rust-lang/crates.io-index"
dependencies = [
 "cesu8 1.1.0 (registry+https://github.com/rust-lang/crates.io-index)",
 "combine 2.5.2 (registry+https://github.com/rust-lang/crates.io-index)",
 "error-chain 0.10.0 (registry+https://github.com/rust-lang/crates.io-index)",
 "jni-sys 0.2.5 (registry+https://github.com/rust-lang/crates.io-index)",
 "log 0.3.9 (registry+https://github.com/rust-lang/crates.io-index)",
]

[[package]]
name = "jni-sys"
version = "0.2.5"
source = "registry+https://github.com/rust-lang/crates.io-index"

[[package]]
name = "log"
version = "0.3.9"
source = "registry+https://github.com/rust-lang/crates.io-index"
dependencies = [
 "log 0.4.1 (registry+https://github.com/rust-lang/crates.io-index)",
]

[[package]]
name = "log"
version = "0.4.1"
source = "registry+https://github.com/rust-lang/crates.io-index"
dependencies = [
 "cfg-if 0.1.2 (registry+https://github.com/rust-lang/crates.io-index)",
]

[[package]]
name = "servo-media"
version = "0.1.0"

[[package]]
name = "servo_media_android"
version = "0.1.0"
dependencies = [
 "jni 0.5.3 (registry+https://github.com/rust-lang/crates.io-index)",
 "servo-media 0.1.0",
]

[metadata]
"checksum ascii 0.7.1 (registry+https://github.com/rust-lang/crates.io-index)" = "3ae7d751998c189c1d4468cf0a39bb2eae052a9c58d50ebb3b9591ee3813ad50"
"checksum byteorder 1.2.1 (registry+https://github.com/rust-lang/crates.io-index)" = "652805b7e73fada9d85e9a6682a4abd490cb52d96aeecc12e33a0de34dfd0d23"
"checksum cesu8 1.1.0 (registry+https://github.com/rust-lang/crates.io-index)" = "6d43a04d8753f35258c91f8ec639f792891f748a1edbd759cf1dcea3382ad83c"
"checksum cfg-if 0.1.2 (registry+https://github.com/rust-lang/crates.io-index)" = "d4c819a1287eb618df47cc647173c5c4c66ba19d888a6e50d605672aed3140de"
"checksum combine 2.5.2 (registry+https://github.com/rust-lang/crates.io-index)" = "1645a65a99c7c8d345761f4b75a6ffe5be3b3b27a93ee731fccc5050ba6be97c"
"checksum error-chain 0.10.0 (registry+https://github.com/rust-lang/crates.io-index)" = "d9435d864e017c3c6afeac1654189b06cdb491cf2ff73dbf0d73b0f292f42ff8"
"checksum jni 0.5.3 (registry+https://github.com/rust-lang/crates.io-index)" = "cffc930ce6a38a4013e30567b559bdc79f601013ba4a81e65dbda9207263efd4"
"checksum jni-sys 0.2.5 (registry+https://github.com/rust-lang/crates.io-index)" = "de0aaaba8809ab8d83a53fe2b313b996b79e8632b855eae9f70ad4323dca91b8"
"checksum log 0.3.9 (registry+https://github.com/rust-lang/crates.io-index)" = "e19e8d5c34a3e0e2223db8e060f9e8264aeeb5c5fc64a4ee9965c062211c024b"
"checksum log 0.4.1 (registry+https://github.com/rust-lang/crates.io-index)" = "89f010e843f2b1a31dbd316b3b8d443758bc634bed37aabade59c686d644e0a2"
